
Microsoft Visual Studio Solution File, Format Version 12.00
# Visual Studio Version 16
VisualStudioVersion = 16.0.30621.155
MinimumVisualStudioVersion = 10.0.40219.1
Project("{FAE04EC0-301F-11D3-BF4B-00C04F79EFBC}") = "WindowsFormsApp1", "WindowsFormsApp1\WindowsFormsApp1.csproj", "{6B565820-83F5-414A-9B1F-D26A153C688B}"
EndProject
Global
	GlobalSection(SolutionConfigurationPlatforms) = preSolution
		Debug|Any CPU = Debug|Any CPU
		Release|Any CPU = Release|Any CPU
	EndGlobalSection
	GlobalSection(ProjectConfigurationPlatforms) = postSolution
		{6B565820-83F5-414A-9B1F-D26A153C688B}.Debug|Any CPU.ActiveCfg = Debug|Any CPU
		{6B565820-83F5-414A-9B1F-D26A153C688B}.Debug|Any CPU.Build.0 = Debug|Any CPU
		{6B565820-83F5-414A-9B1F-D26A153C688B}.Release|Any CPU.ActiveCfg = Release|Any CPU
		{6B565820-83F5-414A-9B1F-D26A153C688B}.Release|Any CPU.Build.0 = Release|Any CPU
	EndGlobalSection
	GlobalSection(SolutionProperties) = preSolution
		HideSolutionNode = FALSE
	EndGlobalSection
	GlobalSection(ExtensibilityGlobals) = postSolution
		SolutionGuid = {7D007ECD-64CD-4D6D-85BB-6A3B835BB214}
	EndGlobalSection
EndGlobal
